// !$*UTF8*$!
{
	archiveVersion = 1;
	classes = {
	};
	objectVersion = 55;
	objects = {

/* Begin PBXBuildFile section */
		122C8BE8275288D100E7E666 /* CatModel.swift in Sources */ = {isa = PBXBuildFile; fileRef = 122C8BE7275288D100E7E666 /* CatModel.swift */; };
		122C8BEA275289D200E7E666 /* DetailCatView.swift in Sources */ = {isa = PBXBuildFile; fileRef = 122C8BE9275289D200E7E666 /* DetailCatView.swift */; };
		124BA6532752C91400C837E4 /* IndexViewModel.swift in Sources */ = {isa = PBXBuildFile; fileRef = 124BA6522752C91400C837E4 /* IndexViewModel.swift */; };
		1265C606274D4DD600EA1AAC /* TZ1ByAristazhApp.swift in Sources */ = {isa = PBXBuildFile; fileRef = 1265C605274D4DD600EA1AAC /* TZ1ByAristazhApp.swift */; };
		1265C608274D4DD600EA1AAC /* CatsMainView.swift in Sources */ = {isa = PBXBuildFile; fileRef = 1265C607274D4DD600EA1AAC /* CatsMainView.swift */; };
		1265C60A274D4DD800EA1AAC /* Assets.xcassets in Resources */ = {isa = PBXBuildFile; fileRef = 1265C609274D4DD800EA1AAC /* Assets.xcassets */; };
		1265C60D274D4DD800EA1AAC /* Preview Assets.xcassets in Resources */ = {isa = PBXBuildFile; fileRef = 1265C60C274D4DD800EA1AAC /* Preview Assets.xcassets */; };
		12BCD7412752ABD5001389B8 /* CatView.swift in Sources */ = {isa = PBXBuildFile; fileRef = 12BCD7402752ABD5001389B8 /* CatView.swift */; };
/* End PBXBuildFile section */

/* Begin PBXFileReference section */
		122C8BE7275288D100E7E666 /* CatModel.swift */ = {isa = PBXFileReference; lastKnownFileType = sourcecode.swift; path = CatModel.swift; sourceTree = "<group>"; };
		122C8BE9275289D200E7E666 /* DetailCatView.swift */ = {isa = PBXFileReference; lastKnownFileType = sourcecode.swift; path = DetailCatView.swift; sourceTree = "<group>"; };
		124BA6522752C91400C837E4 /* IndexViewModel.swift */ = {isa = PBXFileReference; lastKnownFileType = sourcecode.swift; path = IndexViewModel.swift; sourceTree = "<group>"; };
		1265C602274D4DD600EA1AAC /* TZ1ByAristazh.app */ = {isa = PBXFileReference; explicitFileType = wrapper.application; includeInIndex = 0; path = TZ1ByAristazh.app; sourceTree = BUILT_PRODUCTS_DIR; };
		1265C605274D4DD600EA1AAC /* TZ1ByAristazhApp.swift */ = {isa = PBXFileReference; lastKnownFileType = sourcecode.swift; path = TZ1ByAristazhApp.swift; sourceTree = "<group>"; };
		1265C607274D4DD600EA1AAC /* CatsMainView.swift */ = {isa = PBXFileReference; lastKnownFileType = sourcecode.swift; path = CatsMainView.swift; sourceTree = "<group>"; };
		1265C609274D4DD800EA1AAC /* Assets.xcassets */ = {isa = PBXFileReference; lastKnownFileType = folder.assetcatalog; path = Assets.xcassets; sourceTree = "<group>"; };
		1265C60C274D4DD800EA1AAC /* Preview Assets.xcassets */ = {isa = PBXFileReference; lastKnownFileType = folder.assetcatalog; path = "Preview Assets.xcassets"; sourceTree = "<group>"; };
		12BCD7402752ABD5001389B8 /* CatView.swift */ = {isa = PBXFileReference; lastKnownFileType = sourcecode.swift; path = CatView.swift; sourceTree = "<group>"; };
/* End PBXFileReference section */

/* Begin PBXFrameworksBuildPhase section */
		1265C5FF274D4DD600EA1AAC /* Frameworks */ = {
			isa = PBXFrameworksBuildPhase;
			buildActionMask = 2147483647;
			files = (
			);
			runOnlyForDeploymentPostprocessing = 0;
		};
/* End PBXFrameworksBuildPhase section */

/* Begin PBXGroup section */
		122C8BEB2752907700E7E666 /* Model */ = {
			isa = PBXGroup;
			children = (
				122C8BE7275288D100E7E666 /* CatModel.swift */,
			);
			path = Model;
			sourceTree = "<group>";
		};
		124BA6512752C8FA00C837E4 /* ViewModel */ = {
			isa = PBXGroup;
			children = (
				124BA6522752C91400C837E4 /* IndexViewModel.swift */,
			);
			path = ViewModel;
			sourceTree = "<group>";
		};
		1265C5F9274D4DD600EA1AAC = {
			isa = PBXGroup;
			children = (
				1265C604274D4DD600EA1AAC /* TZ1ByAristazh */,
				1265C603274D4DD600EA1AAC /* Products */,
			);
			sourceTree = "<group>";
		};
		1265C603274D4DD600EA1AAC /* Products */ = {
			isa = PBXGroup;
			children = (
				1265C602274D4DD600EA1AAC /* TZ1ByAristazh.app */,
			);
			name = Products;
			sourceTree = "<group>";
		};
		1265C604274D4DD600EA1AAC /* TZ1ByAristazh */ = {
			isa = PBXGroup;
			children = (
				1265C605274D4DD600EA1AAC /* TZ1ByAristazhApp.swift */,
				122C8BEB2752907700E7E666 /* Model */,
				12BCD7422752AC77001389B8 /* Views */,
				124BA6512752C8FA00C837E4 /* ViewModel */,
				1265C609274D4DD800EA1AAC /* Assets.xcassets */,
				1265C60B274D4DD800EA1AAC /* Preview Content */,
			);
			path = TZ1ByAristazh;
			sourceTree = "<group>";
		};
		1265C60B274D4DD800EA1AAC /* Preview Content */ = {
			isa = PBXGroup;
			children = (
				1265C60C274D4DD800EA1AAC /* Preview Assets.xcassets */,
			);
			path = "Preview Content";
			sourceTree = "<group>";
		};
		12BCD7422752AC77001389B8 /* Views */ = {
			isa = PBXGroup;
			children = (
				1265C607274D4DD600EA1AAC /* CatsMainView.swift */,
				12BCD7402752ABD5001389B8 /* CatView.swift */,
				122C8BE9275289D200E7E666 /* DetailCatView.swift */,
			);
			path = Views;
			sourceTree = "<group>";
		};
/* End PBXGroup section */

/* Begin PBXNativeTarget section */
		1265C601274D4DD600EA1AAC /* TZ1ByAristazh */ = {
			isa = PBXNativeTarget;
			buildConfigurationList = 1265C610274D4DD800EA1AAC /* Build configuration list for PBXNativeTarget "TZ1ByAristazh" */;
			buildPhases = (
				1265C5FE274D4DD600EA1AAC /* Sources */,
				1265C5FF274D4DD600EA1AAC /* Frameworks */,
				1265C600274D4DD600EA1AAC /* Resources */,
			);
			buildRules = (
			);
			dependencies = (
			);
			name = TZ1ByAristazh;
			packageProductDependencies = (
			);
			productName = TZ1ByAristazh;
			productReference = 1265C602274D4DD600EA1AAC /* TZ1ByAristazh.app */;
			productType = "com.apple.product-type.application";
		};
/* End PBXNativeTarget section */

/* Begin PBXProject section */
		1265C5FA274D4DD600EA1AAC /* Project object */ = {
			isa = PBXProject;
			attributes = {
				BuildIndependentTargetsInParallel = 1;
				LastSwiftUpdateCheck = 1310;
				LastUpgradeCheck = 1310;
				TargetAttributes = {
					1265C601274D4DD600EA1AAC = {
						CreatedOnToolsVersion = 13.1;
					};
				};
			};
			buildConfigurationList = 1265C5FD274D4DD600EA1AAC /* Build configuration list for PBXProject "TZ1ByAristazh" */;
			compatibilityVersion = "Xcode 13.0";
			developmentRegion = en;
			hasScannedForEncodings = 0;
			knownRegions = (
				en,
				Base,
			);
			mainGroup = 1265C5F9274D4DD600EA1AAC;
			packageReferences = (
			);
			productRefGroup = 1265C603274D4DD600EA1AAC /* Products */;
			projectDirPath = "";
			projectRoot = "";
			targets = (
				1265C601274D4DD600EA1AAC /* TZ1ByAristazh */,
			);
		};
/* End PBXProject section */

/* Begin PBXResourcesBuildPhase section */
		1265C600274D4DD600EA1AAC /* Resources */ = {
			isa = PBXResourcesBuildPhase;
			buildActionMask = 2147483647;
			files = (
				1265C60D274D4DD800EA1AAC /* Preview Assets.xcassets in Resources */,
				1265C60A274D4DD800EA1AAC /* Assets.xcassets in Resources */,
			);
			runOnlyForDeploymentPostprocessing = 0;
		};
/* End PBXResourcesBuildPhase section */

/* Begin PBXSourcesBuildPhase section */
		1265C5FE274D4DD600EA1AAC /* Sources */ = {
			isa = PBXSourcesBuildPhase;
			buildActionMask = 2147483647;
			files = (
				122C8BEA275289D200E7E666 /* DetailCatView.swift in Sources */,
				1265C608274D4DD600EA1AAC /* CatsMainView.swift in Sources */,
				1265C606274D4DD600EA1AAC /* TZ1ByAristazhApp.swift in Sources */,
				122C8BE8275288D100E7E666 /* CatModel.swift in Sources */,
				12BCD7412752ABD5001389B8 /* CatView.swift in Sources */,
				124BA6532752C91400C837E4 /* IndexViewModel.swift in Sources */,
			);
			runOnlyForDeploymentPostprocessing = 0;
		};
/* End PBXSourcesBuildPhase section */

/* Begin XCBuildConfiguration section */
		1265C60E274D4DD800EA1AAC /* Debug */ = {
			isa = XCBuildConfiguration;
			buildSettings = {
				ALWAYS_SEARCH_USER_PATHS = NO;
				CLANG_ANALYZER_NONNULL = YES;
				CLANG_ANALYZER_NUMBER_OBJECT_CONVERSION = YES_AGGRESSIVE;
				CLANG_CXX_LANGUAGE_STANDARD = "gnu++17";
				CLANG_CXX_LIBRARY = "libc++";
				CLANG_ENABLE_MODULES = YES;
				CLANG_ENABLE_OBJC_ARC = YES;
				CLANG_ENABLE_OBJC_WEAK = YES;
				CLANG_WARN_BLOCK_CAPTURE_AUTORELEASING = YES;
				CLANG_WARN_BOOL_CONVERSION = YES;
				CLANG_WARN_COMMA = YES;
				CLANG_WARN_CONSTANT_CONVERSION = YES;
				CLANG_WARN_DEPRECATED_OBJC_IMPLEMENTATIONS = YES;
				CLANG_WARN_DIRECT_OBJC_ISA_USAGE = YES_ERROR;
				CLANG_WARN_DOCUMENTATION_COMMENTS = YES;
				CLANG_WARN_EMPTY_BODY = YES;
				CLANG_WARN_ENUM_CONVERSION = YES;
				CLANG_WARN_INFINITE_RECURSION = YES;
				CLANG_WARN_INT_CONVERSION = YES;
				CLANG_WARN_NON_LITERAL_NULL_CONVERSION = YES;
				CLANG_WARN_OBJC_IMPLICIT_RETAIN_SELF = YES;
				CLANG_WARN_OBJC_LITERAL_CONVERSION = YES;
				CLANG_WARN_OBJC_ROOT_CLASS = YES_ERROR;
				CLANG_WARN_QUOTED_INCLUDE_IN_FRAMEWORK_HEADER = YES;
				CLANG_WARN_RANGE_LOOP_ANALYSIS = YES;
				CLANG_WARN_STRICT_PROTOTYPES = YES;
				CLANG_WARN_SUSPICIOUS_MOVE = YES;
				CLANG_WARN_UNGUARDED_AVAILABILITY = YES_AGGRESSIVE;
				CLANG_WARN_UNREACHABLE_CODE = YES;
				CLANG_WARN__DUPLICATE_METHOD_MATCH = YES;
				COPY_PHASE_STRIP = NO;
				DEBUG_INFORMATION_FORMAT = dwarf;
				ENABLE_STRICT_OBJC_MSGSEND = YES;
				ENABLE_TESTABILITY = YES;
				GCC_C_LANGUAGE_STANDARD = gnu11;
				GCC_DYNAMIC_NO_PIC = NO;
				GCC_NO_COMMON_BLOCKS = YES;
				GCC_OPTIMIZATION_LEVEL = 0;
				GCC_PREPROCESSOR_DEFINITIONS = (
					"DEBUG=1",
					"$(inherited)",
				);
				GCC_WARN_64_TO_32_BIT_CONVERSION = YES;
				GCC_WARN_ABOUT_RETURN_TYPE = YES_ERROR;
				GCC_WARN_UNDECLARED_SELECTOR = YES;
				GCC_WARN_UNINITIALIZED_AUTOS = YES_AGGRESSIVE;
				GCC_WARN_UNUSED_FUNCTION = YES;
				GCC_WARN_UNUSED_VARIABLE = YES;
				IPHONEOS_DEPLOYMENT_TARGET = 15.0;
				MTL_ENABLE_DEBUG_INFO = INCLUDE_SOURCE;
				MTL_FAST_MATH = YES;
				ONLY_ACTIVE_ARCH = YES;
				SDKROOT = iphoneos;
				SWIFT_ACTIVE_COMPILATION_CONDITIONS = DEBUG;
				SWIFT_OPTIMIZATION_LEVEL = "-Onone";
			};
			name = Debug;
		};
		1265C60F274D4DD800EA1AAC /* Release */ = {
			isa = XCBuildConfiguration;
			buildSettings = {
				ALWAYS_SEARCH_USER_PATHS = NO;
				CLANG_ANALYZER_NONNULL = YES;
				CLANG_ANALYZER_NUMBER_OBJECT_CONVERSION = YES_AGGRESSIVE;
				CLANG_CXX_LANGUAGE_STANDARD = "gnu++17";
				CLANG_CXX_LIBRARY = "libc++";
				CLANG_ENABLE_MODULES = YES;
				CLANG_ENABLE_OBJC_ARC = YES;
				CLANG_ENABLE_OBJC_WEAK = YES;
				CLANG_WARN_BLOCK_CAPTURE_AUTORELEASING = YES;
				CLANG_WARN_BOOL_CONVERSION = YES;
				CLANG_WARN_COMMA = YES;
				CLANG_WARN_CONSTANT_CONVERSION = YES;
				CLANG_WARN_DEPRECATED_OBJC_IMPLEMENTATIONS = YES;
				CLANG_WARN_DIRECT_OBJC_ISA_USAGE = YES_ERROR;
				CLANG_WARN_DOCUMENTATION_COMMENTS = YES;
				CLANG_WARN_EMPTY_BODY = YES;
				CLANG_WARN_ENUM_CONVERSION = YES;
				CLANG_WARN_INFINITE_RECURSION = YES;
				CLANG_WARN_INT_CONVERSION = YES;
				CLANG_WARN_NON_LITERAL_NULL_CONVERSION = YES;
				CLANG_WARN_OBJC_IMPLICIT_RETAIN_SELF = YES;
				CLANG_WARN_OBJC_LITERAL_CONVERSION = YES;
				CLANG_WARN_OBJC_ROOT_CLASS = YES_ERROR;
				CLANG_WARN_QUOTED_INCLUDE_IN_FRAMEWORK_HEADER = YES;
				CLANG_WARN_RANGE_LOOP_ANALYSIS = YES;
				CLANG_WARN_STRICT_PROTOTYPES = YES;
				CLANG_WARN_SUSPICIOUS_MOVE = YES;
				CLANG_WARN_UNGUARDED_AVAILABILITY = YES_AGGRESSIVE;
				CLANG_WARN_UNREACHABLE_CODE = YES;
				CLANG_WARN__DUPLICATE_METHOD_MATCH = YES;
				COPY_PHASE_STRIP = NO;
				DEBUG_INFORMATION_FORMAT = "dwarf-with-dsym";
				ENABLE_NS_ASSERTIONS = NO;
				ENABLE_STRICT_OBJC_MSGSEND = YES;
				GCC_C_LANGUAGE_STANDARD = gnu11;
				GCC_NO_COMMON_BLOCKS = YES;
				GCC_WARN_64_TO_32_BIT_CONVERSION = YES;
				GCC_WARN_ABOUT_RETURN_TYPE = YES_ERROR;
				GCC_WARN_UNDECLARED_SELECTOR = YES;
				GCC_WARN_UNINITIALIZED_AUTOS = YES_AGGRESSIVE;
				GCC_WARN_UNUSED_FUNCTION = YES;
				GCC_WARN_UNUSED_VARIABLE = YES;
				IPHONEOS_DEPLOYMENT_TARGET = 15.0;
				MTL_ENABLE_DEBUG_INFO = NO;
				MTL_FAST_MATH = YES;
				SDKROOT = iphoneos;
				SWIFT_COMPILATION_MODE = wholemodule;
				SWIFT_OPTIMIZATION_LEVEL = "-O";
				VALIDATE_PRODUCT = YES;
			};
			name = Release;
		};
		1265C611274D4DD800EA1AAC /* Debug */ = {
			isa = XCBuildConfiguration;
			buildSettings = {
				ASSETCATALOG_COMPILER_APPICON_NAME = AppIcon;
				ASSETCATALOG_COMPILER_GLOBAL_ACCENT_COLOR_NAME = AccentColor;
				CODE_SIGN_STYLE = Automatic;
				CURRENT_PROJECT_VERSION = 1;
				DEVELOPMENT_ASSET_PATHS = "\"TZ1ByAristazh/Preview Content\"";
				DEVELOPMENT_TEAM = X898K49UV8;
				ENABLE_PREVIEWS = YES;
				GENERATE_INFOPLIST_FILE = YES;
				INFOPLIST_KEY_UIApplicationSceneManifest_Generation = YES;
				INFOPLIST_KEY_UIApplicationSupportsIndirectInputEvents = YES;
				INFOPLIST_KEY_UILaunchScreen_Generation = YES;
				INFOPLIST_KEY_UISupportedInterfaceOrientations_iPad = "UIInterfaceOrientationPortrait UIInterfaceOrientationPortraitUpsideDown UIInterfaceOrientationLandscapeLeft UIInterfaceOrientationLandscapeRight";
				INFOPLIST_KEY_UISupportedInterfaceOrientations_iPhone = "UIInterfaceOrientationPortrait UIInterfaceOrientationLandscapeLeft UIInterfaceOrientationLandscapeRight";
				LD_RUNPATH_SEARCH_PATHS = (
					"$(inherited)",
					"@executable_path/Frameworks",
				);
				MARKETING_VERSION = 1.0;
				PRODUCT_BUNDLE_IDENTIFIER = com.monas.TZ1ByAristazh;
				PRODUCT_NAME = "$(TARGET_NAME)";
				SWIFT_EMIT_LOC_STRINGS = YES;
				SWIFT_VERSION = 5.0;
				TARGETED_DEVICE_FAMILY = "1,2";
			};
			name = Debug;
		};
		1265C612274D4DD800EA1AAC /* Release */ = {
			isa = XCBuildConfiguration;
			buildSettings = {
				ASSETCATALOG_COMPILER_APPICON_NAME = AppIcon;
				ASSETCATALOG_COMPILER_GLOBAL_ACCENT_COLOR_NAME = AccentColor;
				CODE_SIGN_STYLE = Automatic;
				CURRENT_PROJECT_VERSION = 1;
				DEVELOPMENT_ASSET_PATHS = "\"TZ1ByAristazh/Preview Content\"";
				DEVELOPMENT_TEAM = X898K49UV8;
				ENABLE_PREVIEWS = YES;
				GENERATE_INFOPLIST_FILE = YES;
				INFOPLIST_KEY_UIApplicationSceneManifest_Generation = YES;
				INFOPLIST_KEY_UIApplicationSupportsIndirectInputEvents = YES;
				INFOPLIST_KEY_UILaunchScreen_Generation = YES;
				INFOPLIST_KEY_UISupportedInterfaceOrientations_iPad = "UIInterfaceOrientationPortrait UIInterfaceOrientationPortraitUpsideDown UIInterfaceOrientationLandscapeLeft UIInterfaceOrientationLandscapeRight";
				INFOPLIST_KEY_UISupportedInterfaceOrientations_iPhone = "UIInterfaceOrientationPortrait UIInterfaceOrientationLandscapeLeft UIInterfaceOrientationLandscapeRight";
				LD_RUNPATH_SEARCH_PATHS = (
					"$(inherited)",
					"@executable_path/Frameworks",
				);
				MARKETING_VERSION = 1.0;
				PRODUCT_BUNDLE_IDENTIFIER = com.monas.TZ1ByAristazh;
				PRODUCT_NAME = "$(TARGET_NAME)";
				SWIFT_EMIT_LOC_STRINGS = YES;
				SWIFT_VERSION = 5.0;
				TARGETED_DEVICE_FAMILY = "1,2";
			};
			name = Release;
		};
/* End XCBuildConfiguration section */

/* Begin XCConfigurationList section */
		1265C5FD274D4DD600EA1AAC /* Build configuration list for PBXProject "TZ1ByAristazh" */ = {
			isa = XCConfigurationList;
			buildConfigurations = (
				1265C60E274D4DD800EA1AAC /* Debug */,
				1265C60F274D4DD800EA1AAC /* Release */,
			);
			defaultConfigurationIsVisible = 0;
			defaultConfigurationName = Release;
		};
		1265C610274D4DD800EA1AAC /* Build configuration list for PBXNativeTarget "TZ1ByAristazh" */ = {
			isa = XCConfigurationList;
			buildConfigurations = (
				1265C611274D4DD800EA1AAC /* Debug */,
				1265C612274D4DD800EA1AAC /* Release */,
			);
			defaultConfigurationIsVisible = 0;
			defaultConfigurationName = Release;
		};
/* End XCConfigurationList section */
	};
	rootObject = 1265C5FA274D4DD600EA1AAC /* Project object */;
}
